{
  "name": "mission-control",
  "version": "1.0.0",
  "lockfileVersion": 3,
  "requires": true,
  "packages": {
    "": {
      "name": "mission-control",
      "version": "1.0.0",
      "license": "ISC",
      "dependencies": {
        "openclaw-client": "^1.1.1"
      }
    },
    "node_modules/openclaw-client": {
      "version": "1.1.1",
      "resolved": "https://registry.npmjs.org/openclaw-client/-/openclaw-client-1.1.1.tgz",
      "integrity": "sha512-7SSaXEBC6MDnyWplz2+oo+Td4a+rwLpJ8HkPEF4aLdm1Pl8u6t8sw/atli1PrPDaSGsEFykIKzf9a5NStN/BvA==",
      "license": "MIT",
      "engines": {
        "node": ">=18.0.0"
      }
    }
  }
}
